{
  "name": "soundslide",
  "version": "1.0.3",
  "lockfileVersion": 3,
  "requires": true,
  "packages": {
    "": {
      "name": "soundslide",
      "version": "1.0.3",
      "license": "CC0-1.0",
      "dependencies": {
        "@si14/si-application-events": "^1.0.2",
        "@si14/si-atsamd-safeboot": "^1.0.2",
        "@si14/si-atsamd-usbd": "^1.0.1",
        "@si14/si-atsamd11c14a": "^2.0.4",
        "@si14/si-systick-timer": "^1.0.4"
      }
    },
    "node_modules/@si14/si-application-events": {
      "version": "1.0.2",
      "resolved": "https://registry.npmjs.org/@si14/si-application-events/-/si-application-events-1.0.2.tgz",
      "integrity": "sha512-yb68LbDRZhYG/QcJneOj37i6GfVK3xU/Rt5Zn1XaTv7lf5Gf65/BfqtYg5QlZKYFZ8AaVI4S7ag26g5UZqKl0g=="
    },
    "node_modules/@si14/si-atsamd-safeboot": {
      "version": "1.0.2",
      "resolved": "https://registry.npmjs.org/@si14/si-atsamd-safeboot/-/si-atsamd-safeboot-1.0.2.tgz",
      "integrity": "sha512-v80ySUJ+5uEz7aCkQnak7CC8AgSspwDJ3tbwce6wQz3Du9nUg2bOwjQicpXhIGM2jLaf4XpdQVvsacm2fV+9yw=="
    },
    "node_modules/@si14/si-atsamd-usbd": {
      "version": "1.0.3",
      "resolved": "https://registry.npmjs.org/@si14/si-atsamd-usbd/-/si-atsamd-usbd-1.0.3.tgz",
      "integrity": "sha512-1DzOuZv//t4JblsKntYOnHUUp98FUIwlMiVHJI7BSBGaLztmPzXFKJOtsfou+sRa5hVVrxVEoKc8zv3i9lh1fw==",
      "dependencies": {
        "@si14/si-usbd": "^1.0.0"
      }
    },
    "node_modules/@si14/si-atsamd11c14a": {
      "version": "2.0.4",
      "resolved": "https://registry.npmjs.org/@si14/si-atsamd11c14a/-/si-atsamd11c14a-2.0.4.tgz",
      "integrity": "sha512-7+EtXeaCnTvA4FkKnxoumC++Rvqt9vac+gTmouKWEs/l7ghzMxERxFlUf2NsQbfEYwSHhDGn8u2XSwsHTBnpEw=="
    },
    "node_modules/@si14/si-generic-timer": {
      "version": "1.0.5",
      "resolved": "https://registry.npmjs.org/@si14/si-generic-timer/-/si-generic-timer-1.0.5.tgz",
      "integrity": "sha512-aBNfv8RBvulCZwHQ/pAJacSWPTQpkgZNOo4zklKLJGwXaE4iqGhQklfn56AtHAoGpJpGPjOOvoGsJI0b3UZKLA==",
      "dependencies": {
        "@si14/si-application-events": "^1.0.2"
      }
    },
    "node_modules/@si14/si-systick-timer": {
      "version": "1.0.4",
      "resolved": "https://registry.npmjs.org/@si14/si-systick-timer/-/si-systick-timer-1.0.4.tgz",
      "integrity": "sha512-kXXl/MXFzdDX1Dt0ZalGmhQQERKidqk3+eP5iVzmAt4RY2/nZJCWYI4p/NE2SrCGn8O6ImctBssIL/njnAndzQ==",
      "dependencies": {
        "@si14/si-generic-timer": "^1.0.5"
      }
    },
    "node_modules/@si14/si-usbd": {
      "version": "1.0.2",
      "resolved": "https://registry.npmjs.org/@si14/si-usbd/-/si-usbd-1.0.2.tgz",
      "integrity": "sha512-VwZLXsTRPPaQs30d41og4FykRGKRsTMiJCV9503qrQjR8KMdsjQjE73DWSzJRt8awszR+aL6vin2F04ys7rnRQ=="
    }
  }
}
